# THIS IS AN AUTOGENERATED FILE. DO NOT EDIT THIS FILE DIRECTLY.
# yarn lockfile v1


"@faker-js/faker@^7.6.0":
  version "7.6.0"
  resolved "https://registry.yarnpkg.com/@faker-js/faker/-/faker-7.6.0.tgz#9ea331766084288634a9247fcd8b84f16ff4ba07"
  integrity sha512-XK6BTq1NDMo9Xqw/YkYyGjSsg44fbNwYRx7QK2CuoQgyy+f1rrTDHoExVM5PsyXCtfl2vs2vVJ0MN0yN6LppRw==

postgres@^3.3.2:
  version "3.3.2"
  resolved "https://registry.yarnpkg.com/postgres/-/postgres-3.3.2.tgz#91f2e209e4a08ca7101eb7178734e4c0e4d23eb3"
  integrity sha512-NaPqFpUC6C7aCQkJXLvuO/3RKNKL4en8opY53YrcXK3//xXra6CZ2qX6290lxuQ1dW1LbRGYCmsawRlCxSBonQ==
